<?xml version="1.0"?>
<plist version="1.0">
	<dict>
		<key>archiveVersion</key>
		<string>1</string>
		<key>classes</key>
		<dict />
		<key>objectVersion</key>
		<string>46</string>
		<key>objects</key>
		<dict>
			<key>C6371FC4800FC16EB6D881ED</key>
			<dict>
				<key>fileRef</key>
				<string>B4E4BBAE7BC34140B94C6069</string>
				<key>isa</key>
				<string>PBXBuildFile</string>
			</dict>
			<key>B4E4BBAE7BC34140B94C6069</key>
			<dict>
				<key>explicitFileType</key>
				<string>sourcecode.c.c</string>
				<key>fileEncoding</key>
				<string>30</string>
				<key>isa</key>
				<string>PBXFileReference</string>
				<key>name</key>
				<string>SlotData.c</string>
				<key>path</key>
				<string>../../../addons/ofxSpine/libs/spine-c/src/SlotData.c</string>
				<key>sourceTree</key>
				<string>SOURCE_ROOT</string>
			</dict>
			<key>F072A28B5857FEFEAB51D642</key>
			<dict>
				<key>fileRef</key>
				<string>51FC3D1B2193AD2ACF96FDED</string>
				<key>isa</key>
				<string>PBXBuildFile</string>
			</dict>
			<key>51FC3D1B2193AD2ACF96FDED</key>
			<dict>
				<key>explicitFileType</key>
				<string>sourcecode.c.c</string>
				<key>fileEncoding</key>
				<string>30</string>
				<key>isa</key>
				<string>PBXFileReference</string>
				<key>name</key>
				<string>Slot.c</string>
				<key>path</key>
				<string>../../../addons/ofxSpine/libs/spine-c/src/Slot.c</string>
				<key>sourceTree</key>
				<string>SOURCE_ROOT</string>
			</dict>
			<key>B2A1D2DF0B47C0920AA1FF75</key>
			<dict>
				<key>fileRef</key>
				<string>17893789C41C462C7B088CAE</string>
				<key>isa</key>
				<string>PBXBuildFile</string>
			</dict>
			<key>17893789C41C462C7B088CAE</key>
			<dict>
				<key>explicitFileType</key>
				<string>sourcecode.c.c</string>
				<key>fileEncoding</key>
				<string>30</string>
				<key>isa</key>
				<string>PBXFileReference</string>
				<key>name</key>
				<string>Skin.c</string>
				<key>path</key>
				<string>../../../addons/ofxSpine/libs/spine-c/src/Skin.c</string>
				<key>sourceTree</key>
				<string>SOURCE_ROOT</string>
			</dict>
			<key>5D946775F333ADD867E053C5</key>
			<dict>
				<key>fileRef</key>
				<string>CC5EE8E9E7E5D9BCA1116652</string>
				<key>isa</key>
				<string>PBXBuildFile</string>
			</dict>
			<key>CC5EE8E9E7E5D9BCA1116652</key>
			<dict>
				<key>explicitFileType</key>
				<string>sourcecode.c.c</string>
				<key>fileEncoding</key>
				<string>30</string>
				<key>isa</key>
				<string>PBXFileReference</string>
				<key>name</key>
				<string>SkeletonJson.c</string>
				<key>path</key>
				<string>../../../addons/ofxSpine/libs/spine-c/src/SkeletonJson.c</string>
				<key>sourceTree</key>
				<string>SOURCE_ROOT</string>
			</dict>
			<key>AE4A8D2EAE251BCE833E4800</key>
			<dict>
				<key>fileRef</key>
				<string>0E424A2BD711DB8873221F72</string>
				<key>isa</key>
				<string>PBXBuildFile</string>
			</dict>
			<key>0E424A2BD711DB8873221F72</key>
			<dict>
				<key>explicitFileType</key>
				<string>sourcecode.c.c</string>
				<key>fileEncoding</key>
				<string>30</string>
				<key>isa</key>
				<string>PBXFileReference</string>
				<key>name</key>
				<string>SkeletonData.c</string>
				<key>path</key>
				<string>../../../addons/ofxSpine/libs/spine-c/src/SkeletonData.c</string>
				<key>sourceTree</key>
				<string>SOURCE_ROOT</string>
			</dict>
			<key>F10351401552431C8339152B</key>
			<dict>
				<key>fileRef</key>
				<string>291FD0282ACF6FE00E6D47A6</string>
				<key>isa</key>
				<string>PBXBuildFile</string>
			</dict>
			<key>291FD0282ACF6FE00E6D47A6</key>
			<dict>
				<key>explicitFileType</key>
				<string>sourcecode.c.c</string>
				<key>fileEncoding</key>
				<string>30</string>
				<key>isa</key>
				<string>PBXFileReference</string>
				<key>name</key>
				<string>Skeleton.c</string>
				<key>path</key>
				<string>../../../addons/ofxSpine/libs/spine-c/src/Skeleton.c</string>
				<key>sourceTree</key>
				<string>SOURCE_ROOT</string>
			</dict>
			<key>06743EE2F991A393BCED804A</key>
			<dict>
				<key>fileRef</key>
				<string>DD867E45E4099BA57C12045D</string>
				<key>isa</key>
				<string>PBXBuildFile</string>
			</dict>
			<key>DD867E45E4099BA57C12045D</key>
			<dict>
				<key>explicitFileType</key>
				<string>sourcecode.c.c</string>
				<key>fileEncoding</key>
				<string>30</string>
				<key>isa</key>
				<string>PBXFileReference</string>
				<key>name</key>
				<string>RegionAttachment.c</string>
				<key>path</key>
				<string>../../../addons/ofxSpine/libs/spine-c/src/RegionAttachment.c</string>
				<key>sourceTree</key>
				<string>SOURCE_ROOT</string>
			</dict>
			<key>3FF51E6C4FEA7CE287322F40</key>
			<dict>
				<key>fileRef</key>
				<string>E9318A8320092318D9743C10</string>
				<key>isa</key>
				<string>PBXBuildFile</string>
			</dict>
			<key>E9318A8320092318D9743C10</key>
			<dict>
				<key>explicitFileType</key>
				<string>sourcecode.c.c</string>
				<key>fileEncoding</key>
				<string>30</string>
				<key>isa</key>
				<string>PBXFileReference</string>
				<key>name</key>
				<string>Json.c</string>
				<key>path</key>
				<string>../../../addons/ofxSpine/libs/spine-c/src/Json.c</string>
				<key>sourceTree</key>
				<string>SOURCE_ROOT</string>
			</dict>
			<key>35C59DB7D55FFF56EBDB4670</key>
			<dict>
				<key>fileRef</key>
				<string>C438A9BEABE379BCF17A0AE6</string>
				<key>isa</key>
				<string>PBXBuildFile</string>
			</dict>
			<key>C438A9BEABE379BCF17A0AE6</key>
			<dict>
				<key>explicitFileType</key>
				<string>sourcecode.c.c</string>
				<key>fileEncoding</key>
				<string>30</string>
				<key>isa</key>
				<string>PBXFileReference</string>
				<key>name</key>
				<string>extension.c</string>
				<key>path</key>
				<string>../../../addons/ofxSpine/libs/spine-c/src/extension.c</string>
				<key>sourceTree</key>
				<string>SOURCE_ROOT</string>
			</dict>
			<key>20FB8660511C2513152B651B</key>
			<dict>
				<key>fileRef</key>
				<string>96FA5F33E56F00067F21FE9E</string>
				<key>isa</key>
				<string>PBXBuildFile</string>
			</dict>
			<key>96FA5F33E56F00067F21FE9E</key>
			<dict>
				<key>explicitFileType</key>
				<string>sourcecode.c.c</string>
				<key>fileEncoding</key>
				<string>30</string>
				<key>isa</key>
				<string>PBXFileReference</string>
				<key>name</key>
				<string>BoneData.c</string>
				<key>path</key>
				<string>../../../addons/ofxSpine/libs/spine-c/src/BoneData.c</string>
				<key>sourceTree</key>
				<string>SOURCE_ROOT</string>
			</dict>
			<key>2E33889C4E617DAD1AC51E2A</key>
			<dict>
				<key>fileRef</key>
				<string>783B85B5B04B58B7978E6C8B</string>
				<key>isa</key>
				<string>PBXBuildFile</string>
			</dict>
			<key>783B85B5B04B58B7978E6C8B</key>
			<dict>
				<key>explicitFileType</key>
				<string>sourcecode.c.c</string>
				<key>fileEncoding</key>
				<string>30</string>
				<key>isa</key>
				<string>PBXFileReference</string>
				<key>name</key>
				<string>Bone.c</string>
				<key>path</key>
				<string>../../../addons/ofxSpine/libs/spine-c/src/Bone.c</string>
				<key>sourceTree</key>
				<string>SOURCE_ROOT</string>
			</dict>
			<key>A6AB299A5BE546D9CBD2E45F</key>
			<dict>
				<key>fileRef</key>
				<string>A644AB465E5F922B42CE545C</string>
				<key>isa</key>
				<string>PBXBuildFile</string>
			</dict>
			<key>A644AB465E5F922B42CE545C</key>
			<dict>
				<key>explicitFileType</key>
				<string>sourcecode.c.c</string>
				<key>fileEncoding</key>
				<string>30</string>
				<key>isa</key>
				<string>PBXFileReference</string>
				<key>name</key>
				<string>AttachmentLoader.c</string>
				<key>path</key>
				<string>../../../addons/ofxSpine/libs/spine-c/src/AttachmentLoader.c</string>
				<key>sourceTree</key>
				<string>SOURCE_ROOT</string>
			</dict>
			<key>990F7373BAC6B7A7013C1085</key>
			<dict>
				<key>fileRef</key>
				<string>BFE79D999F11C220A3652AF7</string>
				<key>isa</key>
				<string>PBXBuildFile</string>
			</dict>
			<key>BFE79D999F11C220A3652AF7</key>
			<dict>
				<key>explicitFileType</key>
				<string>sourcecode.c.c</string>
				<key>fileEncoding</key>
				<string>30</string>
				<key>isa</key>
				<string>PBXFileReference</string>
				<key>name</key>
				<string>Attachment.c</string>
				<key>path</key>
				<string>../../../addons/ofxSpine/libs/spine-c/src/Attachment.c</string>
				<key>sourceTree</key>
				<string>SOURCE_ROOT</string>
			</dict>
			<key>F71E67735050E194C26DADE0</key>
			<dict>
				<key>fileRef</key>
				<string>D7A966B306D9D43713D6555D</string>
				<key>isa</key>
				<string>PBXBuildFile</string>
			</dict>
			<key>D7A966B306D9D43713D6555D</key>
			<dict>
				<key>explicitFileType</key>
				<string>sourcecode.c.c</string>
				<key>fileEncoding</key>
				<string>30</string>
				<key>isa</key>
				<string>PBXFileReference</string>
				<key>name</key>
				<string>AtlasAttachmentLoader.c</string>
				<key>path</key>
				<string>../../../addons/ofxSpine/libs/spine-c/src/AtlasAttachmentLoader.c</string>
				<key>sourceTree</key>
				<string>SOURCE_ROOT</string>
			</dict>
			<key>49841A6B67957D6B30E5A989</key>
			<dict>
				<key>fileRef</key>
				<string>17CF841E0B2202BF9A8B4105</string>
				<key>isa</key>
				<string>PBXBuildFile</string>
			</dict>
			<key>17CF841E0B2202BF9A8B4105</key>
			<dict>
				<key>explicitFileType</key>
				<string>sourcecode.c.c</string>
				<key>fileEncoding</key>
				<string>30</string>
				<key>isa</key>
				<string>PBXFileReference</string>
				<key>name</key>
				<string>Atlas.c</string>
				<key>path</key>
				<string>../../../addons/ofxSpine/libs/spine-c/src/Atlas.c</string>
				<key>sourceTree</key>
				<string>SOURCE_ROOT</string>
			</dict>
			<key>059E82D3B6C15B997279F6D6</key>
			<dict>
				<key>fileRef</key>
				<string>BAE766D04A1733ACAA8BEA01</string>
				<key>isa</key>
				<string>PBXBuildFile</string>
			</dict>
			<key>BAE766D04A1733ACAA8BEA01</key>
			<dict>
				<key>explicitFileType</key>
				<string>sourcecode.c.c</string>
				<key>fileEncoding</key>
				<string>30</string>
				<key>isa</key>
				<string>PBXFileReference</string>
				<key>name</key>
				<string>AnimationStateData.c</string>
				<key>path</key>
				<string>../../../addons/ofxSpine/libs/spine-c/src/AnimationStateData.c</string>
				<key>sourceTree</key>
				<string>SOURCE_ROOT</string>
			</dict>
			<key>7D491E5833C10653039CCF33</key>
			<dict>
				<key>fileRef</key>
				<string>A546B015F827DB5749C92796</string>
				<key>isa</key>
				<string>PBXBuildFile</string>
			</dict>
			<key>A546B015F827DB5749C92796</key>
			<dict>
				<key>explicitFileType</key>
				<string>sourcecode.c.c</string>
				<key>fileEncoding</key>
				<string>30</string>
				<key>isa</key>
				<string>PBXFileReference</string>
				<key>name</key>
				<string>AnimationState.c</string>
				<key>path</key>
				<string>../../../addons/ofxSpine/libs/spine-c/src/AnimationState.c</string>
				<key>sourceTree</key>
				<string>SOURCE_ROOT</string>
			</dict>
			<key>90665FD808A22416D0A90C38</key>
			<dict>
				<key>children</key>
				<array>
					<string>106084E91686ADC233F0CB38</string>
					<string>A546B015F827DB5749C92796</string>
					<string>BAE766D04A1733ACAA8BEA01</string>
					<string>17CF841E0B2202BF9A8B4105</string>
					<string>D7A966B306D9D43713D6555D</string>
					<string>BFE79D999F11C220A3652AF7</string>
					<string>A644AB465E5F922B42CE545C</string>
					<string>783B85B5B04B58B7978E6C8B</string>
					<string>96FA5F33E56F00067F21FE9E</string>
					<string>C438A9BEABE379BCF17A0AE6</string>
					<string>E9318A8320092318D9743C10</string>
					<string>DD867E45E4099BA57C12045D</string>
					<string>291FD0282ACF6FE00E6D47A6</string>
					<string>0E424A2BD711DB8873221F72</string>
					<string>CC5EE8E9E7E5D9BCA1116652</string>
					<string>17893789C41C462C7B088CAE</string>
					<string>51FC3D1B2193AD2ACF96FDED</string>
					<string>B4E4BBAE7BC34140B94C6069</string>
				</array>
				<key>isa</key>
				<string>PBXGroup</string>
				<key>name</key>
				<string>src</string>
				<key>sourceTree</key>
				<string>&lt;group&gt;</string>
			</dict>
			<key>B3F062E93E5C42AEE7C62088</key>
			<dict>
				<key>fileRef</key>
				<string>106084E91686ADC233F0CB38</string>
				<key>isa</key>
				<string>PBXBuildFile</string>
			</dict>
			<key>106084E91686ADC233F0CB38</key>
			<dict>
				<key>explicitFileType</key>
				<string>sourcecode.c.c</string>
				<key>fileEncoding</key>
				<string>30</string>
				<key>isa</key>
				<string>PBXFileReference</string>
				<key>name</key>
				<string>Animation.c</string>
				<key>path</key>
				<string>../../../addons/ofxSpine/libs/spine-c/src/Animation.c</string>
				<key>sourceTree</key>
				<string>SOURCE_ROOT</string>
			</dict>
			<key>E05EDF73EF05CC85FC5EA784</key>
			<dict>
				<key>explicitFileType</key>
				<string>sourcecode.c.h</string>
				<key>fileEncoding</key>
				<string>30</string>
				<key>isa</key>
				<string>PBXFileReference</string>
				<key>name</key>
				<string>spine.h</string>
				<key>path</key>
				<string>../../../addons/ofxSpine/libs/spine-c/include/spine/spine.h</string>
				<key>sourceTree</key>
				<string>SOURCE_ROOT</string>
			</dict>
			<key>B11CA6B7BAE2F1C98AE8A598</key>
			<dict>
				<key>explicitFileType</key>
				<string>sourcecode.c.h</string>
				<key>fileEncoding</key>
				<string>30</string>
				<key>isa</key>
				<string>PBXFileReference</string>
				<key>name</key>
				<string>SlotData.h</string>
				<key>path</key>
				<string>../../../addons/ofxSpine/libs/spine-c/include/spine/SlotData.h</string>
				<key>sourceTree</key>
				<string>SOURCE_ROOT</string>
			</dict>
			<key>EFC8FF6167C256D6FEAF2B33</key>
			<dict>
				<key>explicitFileType</key>
				<string>sourcecode.c.h</string>
				<key>fileEncoding</key>
				<string>30</string>
				<key>isa</key>
				<string>PBXFileReference</string>
				<key>name</key>
				<string>Slot.h</string>
				<key>path</key>
				<string>../../../addons/ofxSpine/libs/spine-c/include/spine/Slot.h</string>
				<key>sourceTree</key>
				<string>SOURCE_ROOT</string>
			</dict>
			<key>3FE32D757C04FDB7C446465C</key>
			<dict>
				<key>explicitFileType</key>
				<string>sourcecode.c.h</string>
				<key>fileEncoding</key>
				<string>30</string>
				<key>isa</key>
				<string>PBXFileReference</string>
				<key>name</key>
				<string>Skin.h</string>
				<key>path</key>
				<string>../../../addons/ofxSpine/libs/spine-c/include/spine/Skin.h</string>
				<key>sourceTree</key>
				<string>SOURCE_ROOT</string>
			</dict>
			<key>120A513E344A89279D9FD152</key>
			<dict>
				<key>explicitFileType</key>
				<string>sourcecode.c.h</string>
				<key>fileEncoding</key>
				<string>30</string>
				<key>isa</key>
				<string>PBXFileReference</string>
				<key>name</key>
				<string>SkeletonJson.h</string>
				<key>path</key>
				<string>../../../addons/ofxSpine/libs/spine-c/include/spine/SkeletonJson.h</string>
				<key>sourceTree</key>
				<string>SOURCE_ROOT</string>
			</dict>
			<key>35C418EAFFE17188EA55801F</key>
			<dict>
				<key>explicitFileType</key>
				<string>sourcecode.c.h</string>
				<key>fileEncoding</key>
				<string>30</string>
				<key>isa</key>
				<string>PBXFileReference</string>
				<key>name</key>
				<string>SkeletonData.h</string>
				<key>path</key>
				<string>../../../addons/ofxSpine/libs/spine-c/include/spine/SkeletonData.h</string>
				<key>sourceTree</key>
				<string>SOURCE_ROOT</string>
			</dict>
			<key>A0229B359A6C85113C9D2B42</key>
			<dict>
				<key>explicitFileType</key>
				<string>sourcecode.c.h</string>
				<key>fileEncoding</key>
				<string>30</string>
				<key>isa</key>
				<string>PBXFileReference</string>
				<key>name</key>
				<string>Skeleton.h</string>
				<key>path</key>
				<string>../../../addons/ofxSpine/libs/spine-c/include/spine/Skeleton.h</string>
				<key>sourceTree</key>
				<string>SOURCE_ROOT</string>
			</dict>
			<key>6E224E7DAF0BF2A4E1270B05</key>
			<dict>
				<key>explicitFileType</key>
				<string>sourcecode.c.h</string>
				<key>fileEncoding</key>
				<string>30</string>
				<key>isa</key>
				<string>PBXFileReference</string>
				<key>name</key>
				<string>RegionAttachment.h</string>
				<key>path</key>
				<string>../../../addons/ofxSpine/libs/spine-c/include/spine/RegionAttachment.h</string>
				<key>sourceTree</key>
				<string>SOURCE_ROOT</string>
			</dict>
			<key>8FFA8B96D5E1FC05415DCC3C</key>
			<dict>
				<key>explicitFileType</key>
				<string>sourcecode.c.h</string>
				<key>fileEncoding</key>
				<string>30</string>
				<key>isa</key>
				<string>PBXFileReference</string>
				<key>name</key>
				<string>extension.h</string>
				<key>path</key>
				<string>../../../addons/ofxSpine/libs/spine-c/include/spine/extension.h</string>
				<key>sourceTree</key>
				<string>SOURCE_ROOT</string>
			</dict>
			<key>25D35E5958CE152838F99F52</key>
			<dict>
				<key>explicitFileType</key>
				<string>sourcecode.c.h</string>
				<key>fileEncoding</key>
				<string>30</string>
				<key>isa</key>
				<string>PBXFileReference</string>
				<key>name</key>
				<string>BoneData.h</string>
				<key>path</key>
				<string>../../../addons/ofxSpine/libs/spine-c/include/spine/BoneData.h</string>
				<key>sourceTree</key>
				<string>SOURCE_ROOT</string>
			</dict>
			<key>B8583304CDD75AD20C15F933</key>
			<dict>
				<key>explicitFileType</key>
				<string>sourcecode.c.h</string>
				<key>fileEncoding</key>
				<string>30</string>
				<key>isa</key>
				<string>PBXFileReference</string>
				<key>name</key>
				<string>Bone.h</string>
				<key>path</key>
				<string>../../../addons/ofxSpine/libs/spine-c/include/spine/Bone.h</string>
				<key>sourceTree</key>
				<string>SOURCE_ROOT</string>
			</dict>
			<key>71AE1A4D493A1070263B7BF3</key>
			<dict>
				<key>explicitFileType</key>
				<string>sourcecode.c.h</string>
				<key>fileEncoding</key>
				<string>30</string>
				<key>isa</key>
				<string>PBXFileReference</string>
				<key>name</key>
				<string>AttachmentLoader.h</string>
				<key>path</key>
				<string>../../../addons/ofxSpine/libs/spine-c/include/spine/AttachmentLoader.h</string>
				<key>sourceTree</key>
				<string>SOURCE_ROOT</string>
			</dict>
			<key>9B573D8DBA54D462F1F5D341</key>
			<dict>
				<key>explicitFileType</key>
				<string>sourcecode.c.h</string>
				<key>fileEncoding</key>
				<string>30</string>
				<key>isa</key>
				<string>PBXFileReference</string>
				<key>name</key>
				<string>Attachment.h</string>
				<key>path</key>
				<string>../../../addons/ofxSpine/libs/spine-c/include/spine/Attachment.h</string>
				<key>sourceTree</key>
				<string>SOURCE_ROOT</string>
			</dict>
			<key>AF36DA63C7C47D8E743A3B6D</key>
			<dict>
				<key>explicitFileType</key>
				<string>sourcecode.c.h</string>
				<key>fileEncoding</key>
				<string>30</string>
				<key>isa</key>
				<string>PBXFileReference</string>
				<key>name</key>
				<string>AtlasAttachmentLoader.h</string>
				<key>path</key>
				<string>../../../addons/ofxSpine/libs/spine-c/include/spine/AtlasAttachmentLoader.h</string>
				<key>sourceTree</key>
				<string>SOURCE_ROOT</string>
			</dict>
			<key>4B15A1F6EA2E75F78C4668AB</key>
			<dict>
				<key>explicitFileType</key>
				<string>sourcecode.c.h</string>
				<key>fileEncoding</key>
				<string>30</string>
				<key>isa</key>
				<string>PBXFileReference</string>
				<key>name</key>
				<string>Atlas.h</string>
				<key>path</key>
				<string>../../../addons/ofxSpine/libs/spine-c/include/spine/Atlas.h</string>
				<key>sourceTree</key>
				<string>SOURCE_ROOT</string>
			</dict>
			<key>5BD07D04B4719ABD2E08DA97</key>
			<dict>
				<key>explicitFileType</key>
				<string>sourcecode.c.h</string>
				<key>fileEncoding</key>
				<string>30</string>
				<key>isa</key>
				<string>PBXFileReference</string>
				<key>name</key>
				<string>AnimationStateData.h</string>
				<key>path</key>
				<string>../../../addons/ofxSpine/libs/spine-c/include/spine/AnimationStateData.h</string>
				<key>sourceTree</key>
				<string>SOURCE_ROOT</string>
			</dict>
			<key>C3F1751D4052401F9A58B7E5</key>
			<dict>
				<key>explicitFileType</key>
				<string>sourcecode.c.h</string>
				<key>fileEncoding</key>
				<string>30</string>
				<key>isa</key>
				<string>PBXFileReference</string>
				<key>name</key>
				<string>AnimationState.h</string>
				<key>path</key>
				<string>../../../addons/ofxSpine/libs/spine-c/include/spine/AnimationState.h</string>
				<key>sourceTree</key>
				<string>SOURCE_ROOT</string>
			</dict>
			<key>EB419ED121DAC70788CD8B09</key>
			<dict>
				<key>children</key>
				<array>
					<string>284B0703B8C74A5EAAF3302F</string>
					<string>C3F1751D4052401F9A58B7E5</string>
					<string>5BD07D04B4719ABD2E08DA97</string>
					<string>4B15A1F6EA2E75F78C4668AB</string>
					<string>AF36DA63C7C47D8E743A3B6D</string>
					<string>9B573D8DBA54D462F1F5D341</string>
					<string>71AE1A4D493A1070263B7BF3</string>
					<string>B8583304CDD75AD20C15F933</string>
					<string>25D35E5958CE152838F99F52</string>
					<string>8FFA8B96D5E1FC05415DCC3C</string>
					<string>6E224E7DAF0BF2A4E1270B05</string>
					<string>A0229B359A6C85113C9D2B42</string>
					<string>35C418EAFFE17188EA55801F</string>
					<string>120A513E344A89279D9FD152</string>
					<string>3FE32D757C04FDB7C446465C</string>
					<string>EFC8FF6167C256D6FEAF2B33</string>
					<string>B11CA6B7BAE2F1C98AE8A598</string>
					<string>E05EDF73EF05CC85FC5EA784</string>
				</array>
				<key>isa</key>
				<string>PBXGroup</string>
				<key>name</key>
				<string>spine</string>
				<key>sourceTree</key>
				<string>&lt;group&gt;</string>
			</dict>
			<key>284B0703B8C74A5EAAF3302F</key>
			<dict>
				<key>explicitFileType</key>
				<string>sourcecode.c.h</string>
				<key>fileEncoding</key>
				<string>30</string>
				<key>isa</key>
				<string>PBXFileReference</string>
				<key>name</key>
				<string>Animation.h</string>
				<key>path</key>
				<string>../../../addons/ofxSpine/libs/spine-c/include/spine/Animation.h</string>
				<key>sourceTree</key>
				<string>SOURCE_ROOT</string>
			</dict>
			<key>8E706E2B6F2CF1A473F7C43D</key>
			<dict>
				<key>children</key>
				<array>
					<string>8F015A973B989B79DAC14A9B</string>
					<string>EB419ED121DAC70788CD8B09</string>
				</array>
				<key>isa</key>
				<string>PBXGroup</string>
				<key>name</key>
				<string>include</string>
				<key>sourceTree</key>
				<string>&lt;group&gt;</string>
			</dict>
			<key>0212AF7322DE5DEA1EEB3CD3</key>
			<dict>
				<key>children</key>
				<array>
					<string>8E706E2B6F2CF1A473F7C43D</string>
					<string>90665FD808A22416D0A90C38</string>
				</array>
				<key>isa</key>
				<string>PBXGroup</string>
				<key>name</key>
				<string>spine-c</string>
				<key>sourceTree</key>
				<string>&lt;group&gt;</string>
			</dict>
			<key>728B05B4687ABCF8048C1025</key>
			<dict>
				<key>children</key>
				<array>
					<string>0212AF7322DE5DEA1EEB3CD3</string>
				</array>
				<key>isa</key>
				<string>PBXGroup</string>
				<key>name</key>
				<string>libs</string>
				<key>sourceTree</key>
				<string>&lt;group&gt;</string>
			</dict>
			<key>8F015A973B989B79DAC14A9B</key>
			<dict>
				<key>explicitFileType</key>
				<string>sourcecode.c.h</string>
				<key>fileEncoding</key>
				<string>30</string>
				<key>isa</key>
				<string>PBXFileReference</string>
				<key>name</key>
				<string>Json.h</string>
				<key>path</key>
				<string>../../../addons/ofxSpine/libs/spine-c/include/Json.h</string>
				<key>sourceTree</key>
				<string>SOURCE_ROOT</string>
			</dict>
			<key>B0A52A6DE2D90DFFC37B9A47</key>
			<dict>
				<key>explicitFileType</key>
				<string>sourcecode.c.h</string>
				<key>fileEncoding</key>
				<string>30</string>
				<key>isa</key>
				<string>PBXFileReference</string>
				<key>name</key>
				<string>ofxSpine.h</string>
				<key>path</key>
				<string>../../../addons/ofxSpine/src/ofxSpine.h</string>
				<key>sourceTree</key>
				<string>SOURCE_ROOT</string>
			</dict>
			<key>4EEDF8F914E125F7A1E89974</key>
			<dict>
				<key>fileRef</key>
				<string>2E9576E10BF56EBB223EF50E</string>
				<key>isa</key>
				<string>PBXBuildFile</string>
			</dict>
			<key>2E9576E10BF56EBB223EF50E</key>
			<dict>
				<key>explicitFileType</key>
				<string>sourcecode.cpp.cpp</string>
				<key>fileEncoding</key>
				<string>30</string>
				<key>isa</key>
				<string>PBXFileReference</string>
				<key>name</key>
				<string>ofxSpine.cpp</string>
				<key>path</key>
				<string>../../../addons/ofxSpine/src/ofxSpine.cpp</string>
				<key>sourceTree</key>
				<string>SOURCE_ROOT</string>
			</dict>
			<key>30021B89959B8926D78333C2</key>
			<dict>
				<key>explicitFileType</key>
				<string>sourcecode.c.h</string>
				<key>fileEncoding</key>
				<string>30</string>
				<key>isa</key>
				<string>PBXFileReference</string>
				<key>name</key>
				<string>ofxSkeleton.h</string>
				<key>path</key>
				<string>../../../addons/ofxSpine/src/ofxSkeleton.h</string>
				<key>sourceTree</key>
				<string>SOURCE_ROOT</string>
			</dict>
			<key>FF4DB6DE1736B6A9A35F6905</key>
			<dict>
				<key>children</key>
				<array>
					<string>674056C984B72CC513C31B1F</string>
					<string>30021B89959B8926D78333C2</string>
					<string>2E9576E10BF56EBB223EF50E</string>
					<string>B0A52A6DE2D90DFFC37B9A47</string>
				</array>
				<key>isa</key>
				<string>PBXGroup</string>
				<key>name</key>
				<string>src</string>
				<key>sourceTree</key>
				<string>&lt;group&gt;</string>
			</dict>
			<key>F7146301140548D9CD3C9672</key>
			<dict>
				<key>children</key>
				<array>
					<string>FF4DB6DE1736B6A9A35F6905</string>
					<string>728B05B4687ABCF8048C1025</string>
				</array>
				<key>isa</key>
				<string>PBXGroup</string>
				<key>name</key>
				<string>ofxSpine</string>
				<key>sourceTree</key>
				<string>&lt;group&gt;</string>
			</dict>
			<key>03C14D656DE7A9C67A1A7DD9</key>
			<dict>
				<key>fileRef</key>
				<string>674056C984B72CC513C31B1F</string>
				<key>isa</key>
				<string>PBXBuildFile</string>
			</dict>
			<key>674056C984B72CC513C31B1F</key>
			<dict>
				<key>explicitFileType</key>
				<string>sourcecode.cpp.cpp</string>
				<key>fileEncoding</key>
				<string>30</string>
				<key>isa</key>
				<string>PBXFileReference</string>
				<key>name</key>
				<string>ofxSkeleton.cpp</string>
				<key>path</key>
				<string>../../../addons/ofxSpine/src/ofxSkeleton.cpp</string>
				<key>sourceTree</key>
				<string>SOURCE_ROOT</string>
			</dict>
			<key>6948EE371B920CB800B5AC1A</key>
			<dict>
				<key>children</key>
				<array />
				<key>isa</key>
				<string>PBXGroup</string>
				<key>name</key>
				<string>local_addons</string>
				<key>sourceTree</key>
				<string>&lt;group&gt;</string>
			</dict>
			<key>BB4B014C10F69532006C3DED</key>
			<dict>
				<key>children</key>
				<array>
					<string>F7146301140548D9CD3C9672</string>
				</array>
				<key>isa</key>
				<string>PBXGroup</string>
				<key>name</key>
				<string>addons</string>
				<key>sourceTree</key>
				<string>&lt;group&gt;</string>
			</dict>
			<key>E4328143138ABC890047C5CB</key>
			<dict>
				<key>isa</key>
				<string>PBXFileReference</string>
				<key>lastKnownFileType</key>
				<string>wrapper.pb-project</string>
				<key>name</key>
				<string>openFrameworksLib.xcodeproj</string>
				<key>path</key>
				<string>../../../libs/openFrameworksCompiled/project/osx/openFrameworksLib.xcodeproj</string>
				<key>sourceTree</key>
				<string>SOURCE_ROOT</string>
			</dict>
			<key>E4328144138ABC890047C5CB</key>
			<dict>
				<key>children</key>
				<array>
					<string>E4328148138ABC890047C5CB</string>
				</array>
				<key>isa</key>
				<string>PBXGroup</string>
				<key>name</key>
				<string>Products</string>
				<key>sourceTree</key>
				<string>&lt;group&gt;</string>
			</dict>
			<key>E4328147138ABC890047C5CB</key>
			<dict>
				<key>containerPortal</key>
				<string>E4328143138ABC890047C5CB</string>
				<key>isa</key>
				<string>PBXContainerItemProxy</string>
				<key>proxyType</key>
				<string>2</string>
				<key>remoteGlobalIDString</key>
				<string>E4B27C1510CBEB8E00536013</string>
				<key>remoteInfo</key>
				<string>openFrameworks</string>
			</dict>
			<key>E4328148138ABC890047C5CB</key>
			<dict>
				<key>fileType</key>
				<string>archive.ar</string>
				<key>isa</key>
				<string>PBXReferenceProxy</string>
				<key>path</key>
				<string>openFrameworksDebug.a</string>
				<key>remoteRef</key>
				<string>E4328147138ABC890047C5CB</string>
				<key>sourceTree</key>
				<string>BUILT_PRODUCTS_DIR</string>
			</dict>
			<key>E4328149138ABC9F0047C5CB</key>
			<dict>
				<key>fileRef</key>
				<string>E4328148138ABC890047C5CB</string>
				<key>isa</key>
				<string>PBXBuildFile</string>
			</dict>
			<key>E4B69B4A0A3A1720003C02F2</key>
			<dict>
				<key>children</key>
				<array>
					<string>E4B6FCAD0C3E899E008CF71C</string>
					<string>E4EB6923138AFD0F00A09F29</string>
					<string>E4B69E1C0A3A1BDC003C02F2</string>
					<string>E4EEC9E9138DF44700A80321</string>
					<string>BB4B014C10F69532006C3DED</string>
					<string>6948EE371B920CB800B5AC1A</string>
					<string>E4B69B5B0A3A1756003C02F2</string>
				</array>
				<key>isa</key>
				<string>PBXGroup</string>
				<key>sourceTree</key>
				<string>&lt;group&gt;</string>
			</dict>
			<key>E4B69B4C0A3A1720003C02F2</key>
			<dict>
				<key>attributes</key>
				<dict>
					<key>LastUpgradeCheck</key>
					<string>0600</string>
				</dict>
				<key>buildConfigurationList</key>
				<string>E4B69B4D0A3A1720003C02F2</string>
				<key>compatibilityVersion</key>
				<string>Xcode 3.2</string>
				<key>developmentRegion</key>
				<string>English</string>
				<key>hasScannedForEncodings</key>
				<string>0</string>
				<key>isa</key>
				<string>PBXProject</string>
				<key>knownRegions</key>
				<array>
					<string>English</string>
					<string>Japanese</string>
					<string>French</string>
					<string>German</string>
				</array>
				<key>mainGroup</key>
				<string>E4B69B4A0A3A1720003C02F2</string>
				<key>productRefGroup</key>
				<string>E4B69B4A0A3A1720003C02F2</string>
				<key>projectDirPath</key>
				<string />
				<key>projectReferences</key>
				<array>
					<dict>
						<key>ProductGroup</key>
						<string>E4328144138ABC890047C5CB</string>
						<key>ProjectRef</key>
						<string>E4328143138ABC890047C5CB</string>
					</dict>
				</array>
				<key>projectRoot</key>
				<string />
				<key>targets</key>
				<array>
					<string>E4B69B5A0A3A1756003C02F2</string>
				</array>
			</dict>
			<key>E4B69B4D0A3A1720003C02F2</key>
			<dict>
				<key>buildConfigurations</key>
				<array>
					<string>E4B69B4E0A3A1720003C02F2</string>
					<string>E4B69B4F0A3A1720003C02F2</string>
				</array>
				<key>defaultConfigurationIsVisible</key>
				<string>0</string>
				<key>defaultConfigurationName</key>
				<string>Release</string>
				<key>isa</key>
				<string>XCConfigurationList</string>
			</dict>
			<key>E4B69B4E0A3A1720003C02F2</key>
			<dict>
				<key>baseConfigurationReference</key>
				<string>E4EB6923138AFD0F00A09F29</string>
				<key>buildSettings</key>
				<dict>
					<key>HEADER_SEARCH_PATHS</key>
					<array>
						<string>$(OF_CORE_HEADERS)</string>
						<string>../../../addons/ofxSpine/libs</string>
						<string>../../../addons/ofxSpine/libs/spine-c</string>
						<string>../../../addons/ofxSpine/libs/spine-c/include</string>
						<string>../../../addons/ofxSpine/libs/spine-c/include/spine</string>
						<string>../../../addons/ofxSpine/libs/spine-c/lib</string>
						<string>../../../addons/ofxSpine/libs/spine-c/lib/osx32</string>
						<string>../../../addons/ofxSpine/libs/spine-c/lib/osx64</string>
						<string>../../../addons/ofxSpine/libs/spine-c/src</string>
						<string>../../../addons/ofxSpine/src</string>
					</array>
					<key>CONFIGURATION_BUILD_DIR</key>
					<string>$(SRCROOT)/bin/</string>
					<key>COPY_PHASE_STRIP</key>
					<string>NO</string>
					<key>DEAD_CODE_STRIPPING</key>
					<string>YES</string>
					<key>GCC_AUTO_VECTORIZATION</key>
					<string>YES</string>
					<key>GCC_ENABLE_SSE3_EXTENSIONS</key>
					<string>YES</string>
					<key>GCC_ENABLE_SUPPLEMENTAL_SSE3_INSTRUCTIONS</key>
					<string>YES</string>
					<key>GCC_INLINES_ARE_PRIVATE_EXTERN</key>
					<string>NO</string>
					<key>GCC_OPTIMIZATION_LEVEL</key>
					<string>0</string>
					<key>GCC_SYMBOLS_PRIVATE_EXTERN</key>
					<string>NO</string>
					<key>GCC_WARN_ABOUT_DEPRECATED_FUNCTIONS</key>
					<string>YES</string>
					<key>GCC_WARN_ABOUT_INVALID_OFFSETOF_MACRO</key>
					<string>NO</string>
					<key>GCC_WARN_ALLOW_INCOMPLETE_PROTOCOL</key>
					<string>NO</string>
					<key>GCC_WARN_UNINITIALIZED_AUTOS</key>
					<string>NO</string>
					<key>GCC_WARN_UNUSED_VALUE</key>
					<string>NO</string>
					<key>GCC_WARN_UNUSED_VARIABLE</key>
					<string>NO</string>
					<key>MACOSX_DEPLOYMENT_TARGET</key>
					<string>10.8</string>
					<key>ONLY_ACTIVE_ARCH</key>
					<string>YES</string>
					<key>OTHER_CPLUSPLUSFLAGS</key>
					<array>
						<string>-D__MACOSX_CORE__</string>
						<string>-mtune=native</string>
					</array>
					<key>SDKROOT</key>
					<string>macosx</string>
				</dict>
				<key>isa</key>
				<string>XCBuildConfiguration</string>
				<key>name</key>
				<string>Debug</string>
			</dict>
			<key>E4B69B4F0A3A1720003C02F2</key>
			<dict>
				<key>baseConfigurationReference</key>
				<string>E4EB6923138AFD0F00A09F29</string>
				<key>buildSettings</key>
				<dict>
					<key>HEADER_SEARCH_PATHS</key>
					<array>
						<string>$(OF_CORE_HEADERS)</string>
						<string>../../../addons/ofxSpine/libs</string>
						<string>../../../addons/ofxSpine/libs/spine-c</string>
						<string>../../../addons/ofxSpine/libs/spine-c/include</string>
						<string>../../../addons/ofxSpine/libs/spine-c/include/spine</string>
						<string>../../../addons/ofxSpine/libs/spine-c/lib</string>
						<string>../../../addons/ofxSpine/libs/spine-c/lib/osx32</string>
						<string>../../../addons/ofxSpine/libs/spine-c/lib/osx64</string>
						<string>../../../addons/ofxSpine/libs/spine-c/src</string>
						<string>../../../addons/ofxSpine/src</string>
					</array>
					<key>CONFIGURATION_BUILD_DIR</key>
					<string>$(SRCROOT)/bin/</string>
					<key>COPY_PHASE_STRIP</key>
					<string>YES</string>
					<key>DEAD_CODE_STRIPPING</key>
					<string>YES</string>
					<key>GCC_AUTO_VECTORIZATION</key>
					<string>YES</string>
					<key>GCC_ENABLE_SSE3_EXTENSIONS</key>
					<string>YES</string>
					<key>GCC_ENABLE_SUPPLEMENTAL_SSE3_INSTRUCTIONS</key>
					<string>YES</string>
					<key>GCC_INLINES_ARE_PRIVATE_EXTERN</key>
					<string>NO</string>
					<key>GCC_OPTIMIZATION_LEVEL</key>
					<string>3</string>
					<key>GCC_SYMBOLS_PRIVATE_EXTERN</key>
					<string>NO</string>
					<key>GCC_UNROLL_LOOPS</key>
					<string>YES</string>
					<key>GCC_WARN_ABOUT_DEPRECATED_FUNCTIONS</key>
					<string>YES</string>
					<key>GCC_WARN_ABOUT_INVALID_OFFSETOF_MACRO</key>
					<string>NO</string>
					<key>GCC_WARN_ALLOW_INCOMPLETE_PROTOCOL</key>
					<string>NO</string>
					<key>GCC_WARN_UNINITIALIZED_AUTOS</key>
					<string>NO</string>
					<key>GCC_WARN_UNUSED_VALUE</key>
					<string>NO</string>
					<key>GCC_WARN_UNUSED_VARIABLE</key>
					<string>NO</string>
					<key>MACOSX_DEPLOYMENT_TARGET</key>
					<string>10.8</string>
					<key>OTHER_CPLUSPLUSFLAGS</key>
					<array>
						<string>-D__MACOSX_CORE__</string>
						<string>-mtune=native</string>
					</array>
					<key>SDKROOT</key>
					<string>macosx</string>
				</dict>
				<key>isa</key>
				<string>XCBuildConfiguration</string>
				<key>name</key>
				<string>Release</string>
			</dict>
			<key>E4B69B580A3A1756003C02F2</key>
			<dict>
				<key>buildActionMask</key>
				<string>2147483647</string>
				<key>files</key>
				<array>
					<string>E4B69E200A3A1BDC003C02F2</string>
					<string>E4B69E210A3A1BDC003C02F2</string>
					<string>03C14D656DE7A9C67A1A7DD9</string>
					<string>4EEDF8F914E125F7A1E89974</string>
					<string>B3F062E93E5C42AEE7C62088</string>
					<string>7D491E5833C10653039CCF33</string>
					<string>059E82D3B6C15B997279F6D6</string>
					<string>49841A6B67957D6B30E5A989</string>
					<string>F71E67735050E194C26DADE0</string>
					<string>990F7373BAC6B7A7013C1085</string>
					<string>A6AB299A5BE546D9CBD2E45F</string>
					<string>2E33889C4E617DAD1AC51E2A</string>
					<string>20FB8660511C2513152B651B</string>
					<string>35C59DB7D55FFF56EBDB4670</string>
					<string>3FF51E6C4FEA7CE287322F40</string>
					<string>06743EE2F991A393BCED804A</string>
					<string>F10351401552431C8339152B</string>
					<string>AE4A8D2EAE251BCE833E4800</string>
					<string>5D946775F333ADD867E053C5</string>
					<string>B2A1D2DF0B47C0920AA1FF75</string>
					<string>F072A28B5857FEFEAB51D642</string>
					<string>C6371FC4800FC16EB6D881ED</string>
				</array>
				<key>isa</key>
				<string>PBXSourcesBuildPhase</string>
				<key>runOnlyForDeploymentPostprocessing</key>
				<string>0</string>
			</dict>
			<key>E4B69B590A3A1756003C02F2</key>
			<dict>
				<key>buildActionMask</key>
				<string>2147483647</string>
				<key>files</key>
				<array>
					<string>E4328149138ABC9F0047C5CB</string>
				</array>
				<key>isa</key>
				<string>PBXFrameworksBuildPhase</string>
				<key>runOnlyForDeploymentPostprocessing</key>
				<string>0</string>
			</dict>
			<key>E4B69B5A0A3A1756003C02F2</key>
			<dict>
				<key>buildConfigurationList</key>
				<string>E4B69B5F0A3A1757003C02F2</string>
				<key>buildPhases</key>
				<array>
					<string>E4B69B580A3A1756003C02F2</string>
					<string>E4B69B590A3A1756003C02F2</string>
					<string>E4B6FFFD0C3F9AB9008CF71C</string>
					<string>E4C2427710CC5ABF004149E2</string>
				</array>
				<key>buildRules</key>
				<array />
				<key>dependencies</key>
				<array>
					<string>E4EEB9AC138B136A00A80321</string>
				</array>
				<key>isa</key>
				<string>PBXNativeTarget</string>
				<key>name</key>
				<string>ofxSpineExample</string>
				<key>productName</key>
				<string>myOFApp</string>
				<key>productReference</key>
				<string>E4B69B5B0A3A1756003C02F2</string>
				<key>productType</key>
				<string>com.apple.product-type.application</string>
			</dict>
			<key>E4B69B5B0A3A1756003C02F2</key>
			<dict>
				<key>explicitFileType</key>
				<string>wrapper.application</string>
				<key>includeInIndex</key>
				<string>0</string>
				<key>isa</key>
				<string>PBXFileReference</string>
				<key>path</key>
				<string>ofxSpineExampleDebug.app</string>
				<key>sourceTree</key>
				<string>BUILT_PRODUCTS_DIR</string>
			</dict>
			<key>E4B69B5F0A3A1757003C02F2</key>
			<dict>
				<key>buildConfigurations</key>
				<array>
					<string>E4B69B600A3A1757003C02F2</string>
					<string>E4B69B610A3A1757003C02F2</string>
				</array>
				<key>defaultConfigurationIsVisible</key>
				<string>0</string>
				<key>defaultConfigurationName</key>
				<string>Release</string>
				<key>isa</key>
				<string>XCConfigurationList</string>
			</dict>
			<key>E4B69B600A3A1757003C02F2</key>
			<dict>
				<key>baseConfigurationReference</key>
				<string>E4EB6923138AFD0F00A09F29</string>
				<key>buildSettings</key>
				<dict>
					<key>HEADER_SEARCH_PATHS</key>
					<array>
						<string>$(OF_CORE_HEADERS)</string>
						<string>../../../addons/ofxSpine/libs</string>
						<string>../../../addons/ofxSpine/libs/spine-c</string>
						<string>../../../addons/ofxSpine/libs/spine-c/include</string>
						<string>../../../addons/ofxSpine/libs/spine-c/include/spine</string>
						<string>../../../addons/ofxSpine/libs/spine-c/lib</string>
						<string>../../../addons/ofxSpine/libs/spine-c/lib/osx32</string>
						<string>../../../addons/ofxSpine/libs/spine-c/lib/osx64</string>
						<string>../../../addons/ofxSpine/libs/spine-c/src</string>
						<string>../../../addons/ofxSpine/src</string>
					</array>
					<key>COMBINE_HIDPI_IMAGES</key>
					<string>YES</string>
					<key>COPY_PHASE_STRIP</key>
					<string>NO</string>
					<key>FRAMEWORK_SEARCH_PATHS</key>
					<array>
						<string>$(inherited)</string>
						<string>$(FRAMEWORK_SEARCH_PATHS_QUOTED_FOR_TARGET_1)</string>
					</array>
					<key>FRAMEWORK_SEARCH_PATHS_QUOTED_FOR_TARGET_1</key>
					<string>"$(SRCROOT)/../../../libs/glut/lib/osx"</string>
					<key>GCC_DYNAMIC_NO_PIC</key>
					<string>NO</string>
					<key>GCC_GENERATE_DEBUGGING_SYMBOLS</key>
					<string>YES</string>
					<key>GCC_MODEL_TUNING</key>
					<string>NONE</string>
					<key>ICON</key>
					<string>$(ICON_NAME_DEBUG)</string>
					<key>ICON_FILE</key>
					<string>$(ICON_FILE_PATH)$(ICON)</string>
					<key>INFOPLIST_FILE</key>
					<string>openFrameworks-Info.plist</string>
					<key>INSTALL_PATH</key>
					<string>/Applications</string>
					<key>LIBRARY_SEARCH_PATHS</key>
					<string>$(inherited)</string>
					<key>PRODUCT_NAME</key>
					<string>$(TARGET_NAME)Debug</string>
					<key>WRAPPER_EXTENSION</key>
					<string>app</string>
				</dict>
				<key>isa</key>
				<string>XCBuildConfiguration</string>
				<key>name</key>
				<string>Debug</string>
			</dict>
			<key>E4B69B610A3A1757003C02F2</key>
			<dict>
				<key>baseConfigurationReference</key>
				<string>E4EB6923138AFD0F00A09F29</string>
				<key>buildSettings</key>
				<dict>
					<key>HEADER_SEARCH_PATHS</key>
					<array>
						<string>$(OF_CORE_HEADERS)</string>
						<string>../../../addons/ofxSpine/libs</string>
						<string>../../../addons/ofxSpine/libs/spine-c</string>
						<string>../../../addons/ofxSpine/libs/spine-c/include</string>
						<string>../../../addons/ofxSpine/libs/spine-c/include/spine</string>
						<string>../../../addons/ofxSpine/libs/spine-c/lib</string>
						<string>../../../addons/ofxSpine/libs/spine-c/lib/osx32</string>
						<string>../../../addons/ofxSpine/libs/spine-c/lib/osx64</string>
						<string>../../../addons/ofxSpine/libs/spine-c/src</string>
						<string>../../../addons/ofxSpine/src</string>
					</array>
					<key>COMBINE_HIDPI_IMAGES</key>
					<string>YES</string>
					<key>COPY_PHASE_STRIP</key>
					<string>YES</string>
					<key>FRAMEWORK_SEARCH_PATHS</key>
					<array>
						<string>$(inherited)</string>
						<string>$(FRAMEWORK_SEARCH_PATHS_QUOTED_FOR_TARGET_1)</string>
					</array>
					<key>FRAMEWORK_SEARCH_PATHS_QUOTED_FOR_TARGET_1</key>
					<string>"$(SRCROOT)/../../../libs/glut/lib/osx"</string>
					<key>GCC_GENERATE_DEBUGGING_SYMBOLS</key>
					<string>YES</string>
					<key>GCC_MODEL_TUNING</key>
					<string>NONE</string>
					<key>ICON</key>
					<string>$(ICON_NAME_RELEASE)</string>
					<key>ICON_FILE</key>
					<string>$(ICON_FILE_PATH)$(ICON)</string>
					<key>INFOPLIST_FILE</key>
					<string>openFrameworks-Info.plist</string>
					<key>INSTALL_PATH</key>
					<string>/Applications</string>
					<key>LIBRARY_SEARCH_PATHS</key>
					<string>$(inherited)</string>
					<key>PRODUCT_NAME</key>
					<string>$(TARGET_NAME)</string>
					<key>WRAPPER_EXTENSION</key>
					<string>app</string>
					<key>baseConfigurationReference</key>
					<string>E4EB6923138AFD0F00A09F29</string>
				</dict>
				<key>isa</key>
				<string>XCBuildConfiguration</string>
				<key>name</key>
				<string>Release</string>
			</dict>
			<key>E4B69E1C0A3A1BDC003C02F2</key>
			<dict>
				<key>children</key>
				<array>
					<string>E4B69E1D0A3A1BDC003C02F2</string>
					<string>E4B69E1E0A3A1BDC003C02F2</string>
					<string>E4B69E1F0A3A1BDC003C02F2</string>
				</array>
				<key>isa</key>
				<string>PBXGroup</string>
				<key>path</key>
				<string>src</string>
				<key>sourceTree</key>
				<string>SOURCE_ROOT</string>
			</dict>
			<key>E4B69E1D0A3A1BDC003C02F2</key>
			<dict>
				<key>fileEncoding</key>
				<string>30</string>
				<key>isa</key>
				<string>PBXFileReference</string>
				<key>lastKnownFileType</key>
				<string>sourcecode.cpp.cpp</string>
				<key>name</key>
				<string>main.cpp</string>
				<key>path</key>
				<string>src/main.cpp</string>
				<key>sourceTree</key>
				<string>SOURCE_ROOT</string>
			</dict>
			<key>E4B69E1E0A3A1BDC003C02F2</key>
			<dict>
				<key>explicitFileType</key>
				<string>sourcecode.cpp.cpp</string>
				<key>fileEncoding</key>
				<string>30</string>
				<key>isa</key>
				<string>PBXFileReference</string>
				<key>name</key>
				<string>ofApp.cpp</string>
				<key>path</key>
				<string>src/ofApp.cpp</string>
				<key>sourceTree</key>
				<string>SOURCE_ROOT</string>
			</dict>
			<key>E4B69E1F0A3A1BDC003C02F2</key>
			<dict>
				<key>fileEncoding</key>
				<string>30</string>
				<key>isa</key>
				<string>PBXFileReference</string>
				<key>lastKnownFileType</key>
				<string>sourcecode.c.h</string>
				<key>name</key>
				<string>ofApp.h</string>
				<key>path</key>
				<string>src/ofApp.h</string>
				<key>sourceTree</key>
				<string>SOURCE_ROOT</string>
			</dict>
			<key>E4B69E200A3A1BDC003C02F2</key>
			<dict>
				<key>fileRef</key>
				<string>E4B69E1D0A3A1BDC003C02F2</string>
				<key>isa</key>
				<string>PBXBuildFile</string>
			</dict>
			<key>E4B69E210A3A1BDC003C02F2</key>
			<dict>
				<key>fileRef</key>
				<string>E4B69E1E0A3A1BDC003C02F2</string>
				<key>isa</key>
				<string>PBXBuildFile</string>
			</dict>
			<key>E4B6FCAD0C3E899E008CF71C</key>
			<dict>
				<key>fileEncoding</key>
				<string>30</string>
				<key>isa</key>
				<string>PBXFileReference</string>
				<key>lastKnownFileType</key>
				<string>text.plist.xml</string>
				<key>path</key>
				<string>openFrameworks-Info.plist</string>
				<key>sourceTree</key>
				<string>&lt;group&gt;</string>
			</dict>
			<key>E4B6FFFD0C3F9AB9008CF71C</key>
			<dict>
				<key>buildActionMask</key>
				<string>2147483647</string>
				<key>files</key>
				<array />
				<key>inputPaths</key>
				<array />
				<key>isa</key>
				<string>PBXShellScriptBuildPhase</string>
				<key>outputPaths</key>
				<array />
				<key>runOnlyForDeploymentPostprocessing</key>
				<string>0</string>
				<key>shellPath</key>
				<string>/bin/sh</string>
				<key>shellScript</key>
				<string>mkdir -p "$TARGET_BUILD_DIR/$PRODUCT_NAME.app/Contents/Resources/"
# Copy default icon file into App/Resources
rsync -aved "$ICON_FILE" "$TARGET_BUILD_DIR/$PRODUCT_NAME.app/Contents/Resources/"
# Copy libfmod and change install directory for fmod to run
rsync -aved ../../../libs/fmodex/lib/osx/libfmodex.dylib "$TARGET_BUILD_DIR/$PRODUCT_NAME.app/Contents/Frameworks/";
install_name_tool -change @executable_path/libfmodex.dylib @executable_path/../Frameworks/libfmodex.dylib "$TARGET_BUILD_DIR/$PRODUCT_NAME.app/Contents/MacOS/$PRODUCT_NAME";
# Copy GLUT framework (must remove for AppStore submissions)
rsync -aved ../../../libs/glut/lib/osx/GLUT.framework "$TARGET_BUILD_DIR/$PRODUCT_NAME.app/Contents/Frameworks/"
</string>
			</dict>
			<key>E4C2427710CC5ABF004149E2</key>
			<dict>
				<key>buildActionMask</key>
				<string>2147483647</string>
				<key>dstPath</key>
				<string />
				<key>dstSubfolderSpec</key>
				<string>10</string>
				<key>files</key>
				<array />
				<key>isa</key>
				<string>PBXCopyFilesBuildPhase</string>
				<key>runOnlyForDeploymentPostprocessing</key>
				<string>0</string>
			</dict>
			<key>E4EB691F138AFCF100A09F29</key>
			<dict>
				<key>fileEncoding</key>
				<string>4</string>
				<key>isa</key>
				<string>PBXFileReference</string>
				<key>lastKnownFileType</key>
				<string>text.xcconfig</string>
				<key>name</key>
				<string>CoreOF.xcconfig</string>
				<key>path</key>
				<string>../../../libs/openFrameworksCompiled/project/osx/CoreOF.xcconfig</string>
				<key>sourceTree</key>
				<string>SOURCE_ROOT</string>
			</dict>
			<key>E4EB6923138AFD0F00A09F29</key>
			<dict>
				<key>fileEncoding</key>
				<string>4</string>
				<key>isa</key>
				<string>PBXFileReference</string>
				<key>lastKnownFileType</key>
				<string>text.xcconfig</string>
				<key>path</key>
				<string>Project.xcconfig</string>
				<key>sourceTree</key>
				<string>&lt;group&gt;</string>
			</dict>
			<key>E4EEB9AB138B136A00A80321</key>
			<dict>
				<key>containerPortal</key>
				<string>E4328143138ABC890047C5CB</string>
				<key>isa</key>
				<string>PBXContainerItemProxy</string>
				<key>proxyType</key>
				<string>1</string>
				<key>remoteGlobalIDString</key>
				<string>E4B27C1410CBEB8E00536013</string>
				<key>remoteInfo</key>
				<string>openFrameworks</string>
			</dict>
			<key>E4EEB9AC138B136A00A80321</key>
			<dict>
				<key>isa</key>
				<string>PBXTargetDependency</string>
				<key>name</key>
				<string>openFrameworks</string>
				<key>targetProxy</key>
				<string>E4EEB9AB138B136A00A80321</string>
			</dict>
			<key>E4EEC9E9138DF44700A80321</key>
			<dict>
				<key>children</key>
				<array>
					<string>E4EB691F138AFCF100A09F29</string>
					<string>E4328143138ABC890047C5CB</string>
				</array>
				<key>isa</key>
				<string>PBXGroup</string>
				<key>name</key>
				<string>openFrameworks</string>
				<key>sourceTree</key>
				<string>&lt;group&gt;</string>
			</dict>
		</dict>
		<key>rootObject</key>
		<string>E4B69B4C0A3A1720003C02F2</string>
	</dict>
</plist>
